
Microsoft Visual Studio Solution File, Format Version 12.00
# Visual Studio Version 17
VisualStudioVersion = 17.7.34202.233
MinimumVisualStudioVersion = 10.0.40219.1
Project("{9A19103F-16F7-4668-BE54-9A1E7A4F7556}") = "NZWalks.API", "NZWalks.API\NZWalks.API.csproj", "{98C6E604-9430-41F3-8342-59007C02AF4D}"
EndProject
Project("{FAE04EC0-301F-11D3-BF4B-00C04F79EFBC}") = "NZWalks.UI", "NZWalks.UI\NZWalks.UI.csproj", "{F07825D6-D558-4742-946D-DFA6026640D3}"
EndProject
Global
	GlobalSection(SolutionConfigurationPlatforms) = preSolution
		Debug|Any CPU = Debug|Any CPU
		Release|Any CPU = Release|Any CPU
	EndGlobalSection
	GlobalSection(ProjectConfigurationPlatforms) = postSolution
		{98C6E604-9430-41F3-8342-59007C02AF4D}.Debug|Any CPU.ActiveCfg = Debug|Any CPU
		{98C6E604-9430-41F3-8342-59007C02AF4D}.Debug|Any CPU.Build.0 = Debug|Any CPU
		{98C6E604-9430-41F3-8342-59007C02AF4D}.Release|Any CPU.ActiveCfg = Release|Any CPU
		{98C6E604-9430-41F3-8342-59007C02AF4D}.Release|Any CPU.Build.0 = Release|Any CPU
		{F07825D6-D558-4742-946D-DFA6026640D3}.Debug|Any CPU.ActiveCfg = Debug|Any CPU
		{F07825D6-D558-4742-946D-DFA6026640D3}.Debug|Any CPU.Build.0 = Debug|Any CPU
		{F07825D6-D558-4742-946D-DFA6026640D3}.Release|Any CPU.ActiveCfg = Release|Any CPU
		{F07825D6-D558-4742-946D-DFA6026640D3}.Release|Any CPU.Build.0 = Release|Any CPU
	EndGlobalSection
	GlobalSection(SolutionProperties) = preSolution
		HideSolutionNode = FALSE
	EndGlobalSection
	GlobalSection(ExtensibilityGlobals) = postSolution
		SolutionGuid = {DD680B4E-121B-4ABD-AB4D-41848C5ACAAE}
	EndGlobalSection
EndGlobal
